
Microsoft Visual Studio Solution File, Format Version 12.00
# Visual Studio Version 17
VisualStudioVersion = 17.8.34408.163
MinimumVisualStudioVersion = 10.0.40219.1
Project("{FAE04EC0-301F-11D3-BF4B-00C04F79EFBC}") = "passwordCreator", "passwordCreator\passwordCreator.csproj", "{752516F5-4D62-4C81-8B2E-F77A3AC06588}"
EndProject
Global
	GlobalSection(SolutionConfigurationPlatforms) = preSolution
		Debug|Any CPU = Debug|Any CPU
		Release|Any CPU = Release|Any CPU
	EndGlobalSection
	GlobalSection(ProjectConfigurationPlatforms) = postSolution
		{752516F5-4D62-4C81-8B2E-F77A3AC06588}.Debug|Any CPU.ActiveCfg = Debug|Any CPU
		{752516F5-4D62-4C81-8B2E-F77A3AC06588}.Debug|Any CPU.Build.0 = Debug|Any CPU
		{752516F5-4D62-4C81-8B2E-F77A3AC06588}.Release|Any CPU.ActiveCfg = Release|Any CPU
		{752516F5-4D62-4C81-8B2E-F77A3AC06588}.Release|Any CPU.Build.0 = Release|Any CPU
	EndGlobalSection
	GlobalSection(SolutionProperties) = preSolution
		HideSolutionNode = FALSE
	EndGlobalSection
	GlobalSection(ExtensibilityGlobals) = postSolution
		SolutionGuid = {18CF06A2-634A-4B6F-9BA9-B0CE19DC29B9}
	EndGlobalSection
EndGlobal
